
Microsoft Visual Studio Solution File, Format Version 12.00
Project("{FAE04EC0-301F-11D3-BF4B-00C04F79EFBC}") = "Testing_LR2", "Testing_LR2\Testing_LR2.csproj", "{AF21F867-26D8-4F86-9B43-167DD580E879}"
EndProject
Project("{FAE04EC0-301F-11D3-BF4B-00C04F79EFBC}") = "Testing_LR2_tests", "Testing_LR2_tests\Testing_LR2_tests.csproj", "{9075ACEF-1BEC-4FC5-80BE-2A7C9D04EB7B}"
EndProject
Global
	GlobalSection(SolutionConfigurationPlatforms) = preSolution
		Debug|Any CPU = Debug|Any CPU
		Release|Any CPU = Release|Any CPU
	EndGlobalSection
	GlobalSection(ProjectConfigurationPlatforms) = postSolution
		{AF21F867-26D8-4F86-9B43-167DD580E879}.Debug|Any CPU.ActiveCfg = Debug|Any CPU
		{AF21F867-26D8-4F86-9B43-167DD580E879}.Debug|Any CPU.Build.0 = Debug|Any CPU
		{AF21F867-26D8-4F86-9B43-167DD580E879}.Release|Any CPU.ActiveCfg = Release|Any CPU
		{AF21F867-26D8-4F86-9B43-167DD580E879}.Release|Any CPU.Build.0 = Release|Any CPU
		{9075ACEF-1BEC-4FC5-80BE-2A7C9D04EB7B}.Debug|Any CPU.ActiveCfg = Debug|Any CPU
		{9075ACEF-1BEC-4FC5-80BE-2A7C9D04EB7B}.Debug|Any CPU.Build.0 = Debug|Any CPU
		{9075ACEF-1BEC-4FC5-80BE-2A7C9D04EB7B}.Release|Any CPU.ActiveCfg = Release|Any CPU
		{9075ACEF-1BEC-4FC5-80BE-2A7C9D04EB7B}.Release|Any CPU.Build.0 = Release|Any CPU
	EndGlobalSection
EndGlobal
